
Microsoft Visual Studio Solution File, Format Version 12.00
# Visual Studio 15
VisualStudioVersion = 15.0.27130.2010
MinimumVisualStudioVersion = 10.0.40219.1
Project("{FAE04EC0-301F-11D3-BF4B-00C04F79EFBC}") = "ItcLabAnalyzer", "ItcLabAnalyzer\ItcLabAnalyzer\ItcLabAnalyzer.csproj", "{13764DB2-4516-481F-9E80-20246C4F061B}"
EndProject
Project("{FAE04EC0-301F-11D3-BF4B-00C04F79EFBC}") = "ItcLabAnalyzer.Test", "ItcLabAnalyzer\ItcLabAnalyzer.Test\ItcLabAnalyzer.Test.csproj", "{8DDD0B1A-3EE8-4FA1-83AE-CCAE60A68F66}"
EndProject
Project("{FAE04EC0-301F-11D3-BF4B-00C04F79EFBC}") = "ItcLabAnalyzer.Vsix", "ItcLabAnalyzer\ItcLabAnalyzer.Vsix\ItcLabAnalyzer.Vsix.csproj", "{8016631B-E100-4712-B758-E8E356D064CE}"
EndProject
Global
	GlobalSection(SolutionConfigurationPlatforms) = preSolution
		Debug|Any CPU = Debug|Any CPU
		Release|Any CPU = Release|Any CPU
	EndGlobalSection
	GlobalSection(ProjectConfigurationPlatforms) = postSolution
		{13764DB2-4516-481F-9E80-20246C4F061B}.Debug|Any CPU.ActiveCfg = Debug|Any CPU
		{13764DB2-4516-481F-9E80-20246C4F061B}.Debug|Any CPU.Build.0 = Debug|Any CPU
		{13764DB2-4516-481F-9E80-20246C4F061B}.Release|Any CPU.ActiveCfg = Release|Any CPU
		{13764DB2-4516-481F-9E80-20246C4F061B}.Release|Any CPU.Build.0 = Release|Any CPU
		{8DDD0B1A-3EE8-4FA1-83AE-CCAE60A68F66}.Debug|Any CPU.ActiveCfg = Debug|Any CPU
		{8DDD0B1A-3EE8-4FA1-83AE-CCAE60A68F66}.Debug|Any CPU.Build.0 = Debug|Any CPU
		{8DDD0B1A-3EE8-4FA1-83AE-CCAE60A68F66}.Release|Any CPU.ActiveCfg = Release|Any CPU
		{8DDD0B1A-3EE8-4FA1-83AE-CCAE60A68F66}.Release|Any CPU.Build.0 = Release|Any CPU
		{8016631B-E100-4712-B758-E8E356D064CE}.Debug|Any CPU.ActiveCfg = Debug|Any CPU
		{8016631B-E100-4712-B758-E8E356D064CE}.Debug|Any CPU.Build.0 = Debug|Any CPU
		{8016631B-E100-4712-B758-E8E356D064CE}.Release|Any CPU.ActiveCfg = Release|Any CPU
		{8016631B-E100-4712-B758-E8E356D064CE}.Release|Any CPU.Build.0 = Release|Any CPU
	EndGlobalSection
	GlobalSection(SolutionProperties) = preSolution
		HideSolutionNode = FALSE
	EndGlobalSection
	GlobalSection(ExtensibilityGlobals) = postSolution
		SolutionGuid = {F10D737F-5112-418F-AE07-8B860B1F469A}
	EndGlobalSection
EndGlobal
